# THIS IS AN AUTOGENERATED FILE. DO NOT EDIT THIS FILE DIRECTLY.
# yarn lockfile v1


almond@~0.3.1:
  version "0.3.3"
  resolved "https://registry.yarnpkg.com/almond/-/almond-0.3.3.tgz#a0e7c95ac7624d6417b4494b1e68bff693168a20"

bootstrap-datepicker@^1.7.1:
  version "1.7.1"
  resolved "https://registry.yarnpkg.com/bootstrap-datepicker/-/bootstrap-datepicker-1.7.1.tgz#4ee7faf34888dbec7834fbf9dbe7c4277e01ddaf"
  dependencies:
    jquery ">=1.7.1 <4.0.0"

bootstrap@3:
  version "3.3.7"
  resolved "https://registry.yarnpkg.com/bootstrap/-/bootstrap-3.3.7.tgz#5a389394549f23330875a3b150656574f8a9eb71"

handlebars@^4.7.7:
  version "4.7.7"
  resolved "https://registry.yarnpkg.com/handlebars/-/handlebars-4.7.7.tgz#9ce33416aad02dbd6c8fafa8240d5d98004945a1"
  dependencies:
    minimist "^1.2.5"
    neo-async "^2.6.0"
    source-map "^0.6.1"
    wordwrap "^1.0.0"
  optionalDependencies:
    uglify-js "^3.1.4"

jquery-mousewheel@~3.1.13:
  version "3.1.13"
  resolved "https://registry.yarnpkg.com/jquery-mousewheel/-/jquery-mousewheel-3.1.13.tgz#06f0335f16e353a695e7206bf50503cb523a6ee5"

"jquery@>=1.7.1 <4.0.0", jquery@^3.3.1:
  version "3.3.1"
  resolved "https://registry.yarnpkg.com/jquery/-/jquery-3.3.1.tgz#958ce29e81c9790f31be7792df5d4d95fc57fbca"

js-cookie@^2.2.0:
  version "2.2.0"
  resolved "https://registry.yarnpkg.com/js-cookie/-/js-cookie-2.2.0.tgz#1b2c279a6eece380a12168b92485265b35b1effb"

minimist@^1.2.5:
  version "1.2.5"
  resolved "https://registry.yarnpkg.com/minimist/-/minimist-1.2.5.tgz#67d66014b66a6a8aaa0c083c5fd58df4e4e97602"

neo-async@^2.6.0:
  version "2.6.2"
  resolved "https://registry.yarnpkg.com/neo-async/-/neo-async-2.6.2.tgz#b4aafb93e3aeb2d8174ca53cf163ab7d7308305f"

select2@^4.0.6-rc.1:
  version "4.0.6-rc.1"
  resolved "https://registry.yarnpkg.com/select2/-/select2-4.0.6-rc.1.tgz#aa6c3038a7f0f2e91ffade38f0a21c15e1813276"
  dependencies:
    almond "~0.3.1"
    jquery-mousewheel "~3.1.13"

source-map@^0.6.1:
  version "0.6.1"
  resolved "https://registry.yarnpkg.com/source-map/-/source-map-0.6.1.tgz#74722af32e9614e9c287a8d0bbde48b5e2f1a263"

uglify-js@^3.1.4:
  version "3.13.5"
  resolved "https://registry.yarnpkg.com/uglify-js/-/uglify-js-3.13.5.tgz#5d71d6dbba64cf441f32929b1efce7365bb4f113"

wordwrap@^1.0.0:
  version "1.0.0"
  resolved "https://registry.yarnpkg.com/wordwrap/-/wordwrap-1.0.0.tgz#27584810891456a4171c8d0226441ade90cbcaeb"
